<Solution>
  <Folder Name="/src/_aspire/">
    <Project Path="src/PlanerSport.AppHost/PlanerSport.AppHost.csproj" Id="e825aa16-361d-47ff-bdd6-bb9eae2b590b" />
    <Project Path="src/PlanerSport.ServiceDefaults/PlanerSport.ServiceDefaults.csproj" />
  </Folder>
  <Folder Name="/tests/" />
  <Folder Name="/proto/">
    <File Path="proto/exercise.proto" />
    <File Path="proto/organization.proto" />
    <File Path="proto/session.proto" />
    <File Path="proto/user.proto" />
  </Folder>
  <Folder Name="/Solution Items/">
    <File Path=".editorconfig" />
    <File Path="Directory.Build.props" />
    <File Path="Directory.Packages.targets" />
    <File Path="dotnet-tools.json" />
    <File Path="README.md" />
    <File Path="stylecop.json" />
  </Folder>
  <Folder Name="/src/">
    <Project Path="src/PlanerSport.Abstractions/PlanerSport.Abstractions.csproj" />
    <Project Path="src/PlanerSport.Api/PlanerSport.Api.csproj" />
    <Project Path="src/PlanerSport.Core/PlanerSport.Core.csproj" />
    <Project Path="src/PlanerSport.Infrastructure/PlanerSport.Infrastructure.csproj" />
    <Project Path="src/PlanerSport.UseCases/PlanerSport.UseCases.csproj" />
    <Project Path="src/PlanerSport.Web/PlanerSport.Web.csproj" />
  </Folder>
</Solution>
